dependencies:
- name: jellyfin
  repository: file://../jellyfin
  version: 0.1.0
- name: radarr
  repository: file://../radarr
  version: 0.1.0
- name: sonarr
  repository: file://../sonarr
  version: 0.1.0
- name: prowlarr
  repository: file://../prowlarr
  version: 0.1.0
- name: transmission
  repository: file://../transmission
  version: 0.1.0
- name: reencoder
  repository: file://../reencoder
  version: 0.1.0
- name: decluttarr
  repository: file://../decluttarr
  version: 0.1.0
digest: sha256:758445ac009e26c484bc5d1e1dc3f91d5fd39b744bb0ebe84df83ad36f298e61
generated: "2026-06-26T23:30:54.102685403-05:00"
