dependencies:
- name: jellyfin
  repository: file://../jellyfin
  version: 0.1.0
- name: radarr
  repository: file://../radarr
  version: 0.1.0
- name: sonarr
  repository: file://../sonarr
  version: 0.1.0
- name: prowlarr
  repository: file://../prowlarr
  version: 0.1.0
- name: flaresolverr
  repository: file://../flaresolverr
  version: 0.1.0
- name: exportarr-prowlarr
  repository: file://../exportarr-prowlarr
  version: 0.1.0
- name: transmission
  repository: file://../transmission
  version: 0.1.0
- name: reencoder
  repository: file://../reencoder
  version: 0.1.0
- name: qbittorrent
  repository: file://../qbittorrent
  version: 0.1.0
digest: sha256:24f1b5b4ce214f096cb971d8879c2c5f7d28496b739c566e721718683bd32040
generated: "2026-08-01T21:22:20.336369233-05:00"
